
Microsoft Visual Studio Solution File, Format Version 12.00
Project("{FAE04EC0-301F-11D3-BF4B-00C04F79EFBC}") = "LOG645_Cours6", "LOG645_Cours6\LOG645_Cours6.csproj", "{5CE97F9F-26AB-4F06-BA25-E0E37683BAB2}"
EndProject
Global
	GlobalSection(SolutionConfigurationPlatforms) = preSolution
		Debug|Any CPU = Debug|Any CPU
		Release|Any CPU = Release|Any CPU
	EndGlobalSection
	GlobalSection(ProjectConfigurationPlatforms) = postSolution
		{5CE97F9F-26AB-4F06-BA25-E0E37683BAB2}.Debug|Any CPU.ActiveCfg = Debug|Any CPU
		{5CE97F9F-26AB-4F06-BA25-E0E37683BAB2}.Debug|Any CPU.Build.0 = Debug|Any CPU
		{5CE97F9F-26AB-4F06-BA25-E0E37683BAB2}.Release|Any CPU.ActiveCfg = Release|Any CPU
		{5CE97F9F-26AB-4F06-BA25-E0E37683BAB2}.Release|Any CPU.Build.0 = Release|Any CPU
	EndGlobalSection
EndGlobal
