
Microsoft Visual Studio Solution File, Format Version 12.00
# Visual Studio 15
VisualStudioVersion = 15.0.26430.6
MinimumVisualStudioVersion = 10.0.40219.1
Project("{FAE04EC0-301F-11D3-BF4B-00C04F79EFBC}") = "Log645_Cours5_Torsion", "Log645_Cours5_Torsion\Log645_Cours5_Torsion.csproj", "{A3E2DA99-EF41-47D8-A20D-34EF7A1A68E5}"
EndProject
Global
	GlobalSection(SolutionConfigurationPlatforms) = preSolution
		Debug|Any CPU = Debug|Any CPU
		Release|Any CPU = Release|Any CPU
	EndGlobalSection
	GlobalSection(ProjectConfigurationPlatforms) = postSolution
		{A3E2DA99-EF41-47D8-A20D-34EF7A1A68E5}.Debug|Any CPU.ActiveCfg = Debug|Any CPU
		{A3E2DA99-EF41-47D8-A20D-34EF7A1A68E5}.Debug|Any CPU.Build.0 = Debug|Any CPU
		{A3E2DA99-EF41-47D8-A20D-34EF7A1A68E5}.Release|Any CPU.ActiveCfg = Release|Any CPU
		{A3E2DA99-EF41-47D8-A20D-34EF7A1A68E5}.Release|Any CPU.Build.0 = Release|Any CPU
	EndGlobalSection
	GlobalSection(SolutionProperties) = preSolution
		HideSolutionNode = FALSE
	EndGlobalSection
EndGlobal
